
Microsoft Visual Studio Solution File, Format Version 12.00
# Visual Studio Version 17
VisualStudioVersion = 17.5.002.0
MinimumVisualStudioVersion = 10.0.40219.1
Project("{9A19103F-16F7-4668-BE54-9A1E7A4F7556}") = "back", "back\back.csproj", "{491BB032-7469-46C6-89AB-91A5FF325B10}"
EndProject
Global
	GlobalSection(SolutionConfigurationPlatforms) = preSolution
		Debug|Any CPU = Debug|Any CPU
		Release|Any CPU = Release|Any CPU
	EndGlobalSection
	GlobalSection(ProjectConfigurationPlatforms) = postSolution
		{491BB032-7469-46C6-89AB-91A5FF325B10}.Debug|Any CPU.ActiveCfg = Debug|Any CPU
		{491BB032-7469-46C6-89AB-91A5FF325B10}.Debug|Any CPU.Build.0 = Debug|Any CPU
		{491BB032-7469-46C6-89AB-91A5FF325B10}.Release|Any CPU.ActiveCfg = Release|Any CPU
		{491BB032-7469-46C6-89AB-91A5FF325B10}.Release|Any CPU.Build.0 = Release|Any CPU
	EndGlobalSection
	GlobalSection(SolutionProperties) = preSolution
		HideSolutionNode = FALSE
	EndGlobalSection
	GlobalSection(ExtensibilityGlobals) = postSolution
		SolutionGuid = {101AE533-7994-4486-A9AF-B5882DEFFB8B}
	EndGlobalSection
EndGlobal
